
Microsoft Visual Studio Solution File, Format Version 12.00
# Visual Studio Version 17
VisualStudioVersion = 17.7.34031.279
MinimumVisualStudioVersion = 10.0.40219.1
Project("{9A19103F-16F7-4668-BE54-9A1E7A4F7556}") = "Bai1", "Bai1\Bai1.csproj", "{76A109FA-5DF4-4D14-BDE5-7F353B20DA02}"
EndProject
Project("{FAE04EC0-301F-11D3-BF4B-00C04F79EFBC}") = "Bai2", "Bai2\Bai2.csproj", "{8B401903-ABC7-4D02-97A5-E2F8DB30E5C3}"
EndProject
Project("{FAE04EC0-301F-11D3-BF4B-00C04F79EFBC}") = "Bai3", "Bai3\Bai3.csproj", "{709124CA-7A41-4D87-95B3-4A1999EEA2C3}"
EndProject
Project("{FAE04EC0-301F-11D3-BF4B-00C04F79EFBC}") = "Bai4", "Bai4\Bai4.csproj", "{86CF779F-CD83-48E6-A868-7A3F29C7F527}"
EndProject
Project("{FAE04EC0-301F-11D3-BF4B-00C04F79EFBC}") = "Bai5", "Bai5\Bai5.csproj", "{F37EDA90-BE86-4DF6-BF09-A8F1D4F8EE61}"
EndProject
Project("{FAE04EC0-301F-11D3-BF4B-00C04F79EFBC}") = "Bai6", "Bai6\Bai6.csproj", "{9BFAE9DE-7ABF-4CDD-8EB7-B10D105BE3F9}"
EndProject
Global
	GlobalSection(SolutionConfigurationPlatforms) = preSolution
		Debug|Any CPU = Debug|Any CPU
		Release|Any CPU = Release|Any CPU
	EndGlobalSection
	GlobalSection(ProjectConfigurationPlatforms) = postSolution
		{76A109FA-5DF4-4D14-BDE5-7F353B20DA02}.Debug|Any CPU.ActiveCfg = Debug|Any CPU
		{76A109FA-5DF4-4D14-BDE5-7F353B20DA02}.Debug|Any CPU.Build.0 = Debug|Any CPU
		{76A109FA-5DF4-4D14-BDE5-7F353B20DA02}.Release|Any CPU.ActiveCfg = Release|Any CPU
		{76A109FA-5DF4-4D14-BDE5-7F353B20DA02}.Release|Any CPU.Build.0 = Release|Any CPU
		{8B401903-ABC7-4D02-97A5-E2F8DB30E5C3}.Debug|Any CPU.ActiveCfg = Debug|Any CPU
		{8B401903-ABC7-4D02-97A5-E2F8DB30E5C3}.Debug|Any CPU.Build.0 = Debug|Any CPU
		{8B401903-ABC7-4D02-97A5-E2F8DB30E5C3}.Release|Any CPU.ActiveCfg = Release|Any CPU
		{8B401903-ABC7-4D02-97A5-E2F8DB30E5C3}.Release|Any CPU.Build.0 = Release|Any CPU
		{709124CA-7A41-4D87-95B3-4A1999EEA2C3}.Debug|Any CPU.ActiveCfg = Debug|Any CPU
		{709124CA-7A41-4D87-95B3-4A1999EEA2C3}.Debug|Any CPU.Build.0 = Debug|Any CPU
		{709124CA-7A41-4D87-95B3-4A1999EEA2C3}.Release|Any CPU.ActiveCfg = Release|Any CPU
		{709124CA-7A41-4D87-95B3-4A1999EEA2C3}.Release|Any CPU.Build.0 = Release|Any CPU
		{86CF779F-CD83-48E6-A868-7A3F29C7F527}.Debug|Any CPU.ActiveCfg = Debug|Any CPU
		{86CF779F-CD83-48E6-A868-7A3F29C7F527}.Debug|Any CPU.Build.0 = Debug|Any CPU
		{86CF779F-CD83-48E6-A868-7A3F29C7F527}.Release|Any CPU.ActiveCfg = Release|Any CPU
		{86CF779F-CD83-48E6-A868-7A3F29C7F527}.Release|Any CPU.Build.0 = Release|Any CPU
		{F37EDA90-BE86-4DF6-BF09-A8F1D4F8EE61}.Debug|Any CPU.ActiveCfg = Debug|Any CPU
		{F37EDA90-BE86-4DF6-BF09-A8F1D4F8EE61}.Debug|Any CPU.Build.0 = Debug|Any CPU
		{F37EDA90-BE86-4DF6-BF09-A8F1D4F8EE61}.Release|Any CPU.ActiveCfg = Release|Any CPU
		{F37EDA90-BE86-4DF6-BF09-A8F1D4F8EE61}.Release|Any CPU.Build.0 = Release|Any CPU
		{9BFAE9DE-7ABF-4CDD-8EB7-B10D105BE3F9}.Debug|Any CPU.ActiveCfg = Debug|Any CPU
		{9BFAE9DE-7ABF-4CDD-8EB7-B10D105BE3F9}.Debug|Any CPU.Build.0 = Debug|Any CPU
		{9BFAE9DE-7ABF-4CDD-8EB7-B10D105BE3F9}.Release|Any CPU.ActiveCfg = Release|Any CPU
		{9BFAE9DE-7ABF-4CDD-8EB7-B10D105BE3F9}.Release|Any CPU.Build.0 = Release|Any CPU
	EndGlobalSection
	GlobalSection(SolutionProperties) = preSolution
		HideSolutionNode = FALSE
	EndGlobalSection
	GlobalSection(ExtensibilityGlobals) = postSolution
		SolutionGuid = {BA213AB6-4D66-493D-AAF5-F121FAAAD9E8}
	EndGlobalSection
EndGlobal
