
Microsoft Visual Studio Solution File, Format Version 12.00
# Visual Studio Version 17
VisualStudioVersion = 17.7.34031.279
MinimumVisualStudioVersion = 10.0.40219.1
Project("{FAE04EC0-301F-11D3-BF4B-00C04F79EFBC}") = "ChonSach", "ChonSach\ChonSach.csproj", "{8BCD243D-6F1F-43F4-AE51-62F9C9993B08}"
EndProject
Project("{FAE04EC0-301F-11D3-BF4B-00C04F79EFBC}") = "QLNhanVien", "QLNhanVien\QLNhanVien.csproj", "{95D13897-16BE-401D-B82A-1A8049F7FA83}"
EndProject
Project("{FAE04EC0-301F-11D3-BF4B-00C04F79EFBC}") = "CapNhat", "CapNhat\CapNhat.csproj", "{68D533AF-73F1-448B-A993-45A91BDE1CC6}"
EndProject
Project("{FAE04EC0-301F-11D3-BF4B-00C04F79EFBC}") = "TinhTienDien", "TinhTienDien\TinhTienDien.csproj", "{A5780346-2F0C-41BD-9EF6-DAD91AE7F3DA}"
EndProject
Project("{FAE04EC0-301F-11D3-BF4B-00C04F79EFBC}") = "ChonDoUong", "ChonDoUong\ChonDoUong.csproj", "{D849BC66-6AF4-472E-9992-D8EE62377C4F}"
EndProject
Global
	GlobalSection(SolutionConfigurationPlatforms) = preSolution
		Debug|Any CPU = Debug|Any CPU
		Release|Any CPU = Release|Any CPU
	EndGlobalSection
	GlobalSection(ProjectConfigurationPlatforms) = postSolution
		{8BCD243D-6F1F-43F4-AE51-62F9C9993B08}.Debug|Any CPU.ActiveCfg = Debug|Any CPU
		{8BCD243D-6F1F-43F4-AE51-62F9C9993B08}.Debug|Any CPU.Build.0 = Debug|Any CPU
		{8BCD243D-6F1F-43F4-AE51-62F9C9993B08}.Release|Any CPU.ActiveCfg = Release|Any CPU
		{8BCD243D-6F1F-43F4-AE51-62F9C9993B08}.Release|Any CPU.Build.0 = Release|Any CPU
		{95D13897-16BE-401D-B82A-1A8049F7FA83}.Debug|Any CPU.ActiveCfg = Debug|Any CPU
		{95D13897-16BE-401D-B82A-1A8049F7FA83}.Debug|Any CPU.Build.0 = Debug|Any CPU
		{95D13897-16BE-401D-B82A-1A8049F7FA83}.Release|Any CPU.ActiveCfg = Release|Any CPU
		{95D13897-16BE-401D-B82A-1A8049F7FA83}.Release|Any CPU.Build.0 = Release|Any CPU
		{68D533AF-73F1-448B-A993-45A91BDE1CC6}.Debug|Any CPU.ActiveCfg = Debug|Any CPU
		{68D533AF-73F1-448B-A993-45A91BDE1CC6}.Debug|Any CPU.Build.0 = Debug|Any CPU
		{68D533AF-73F1-448B-A993-45A91BDE1CC6}.Release|Any CPU.ActiveCfg = Release|Any CPU
		{68D533AF-73F1-448B-A993-45A91BDE1CC6}.Release|Any CPU.Build.0 = Release|Any CPU
		{A5780346-2F0C-41BD-9EF6-DAD91AE7F3DA}.Debug|Any CPU.ActiveCfg = Debug|Any CPU
		{A5780346-2F0C-41BD-9EF6-DAD91AE7F3DA}.Debug|Any CPU.Build.0 = Debug|Any CPU
		{A5780346-2F0C-41BD-9EF6-DAD91AE7F3DA}.Release|Any CPU.ActiveCfg = Release|Any CPU
		{A5780346-2F0C-41BD-9EF6-DAD91AE7F3DA}.Release|Any CPU.Build.0 = Release|Any CPU
		{D849BC66-6AF4-472E-9992-D8EE62377C4F}.Debug|Any CPU.ActiveCfg = Debug|Any CPU
		{D849BC66-6AF4-472E-9992-D8EE62377C4F}.Debug|Any CPU.Build.0 = Debug|Any CPU
		{D849BC66-6AF4-472E-9992-D8EE62377C4F}.Release|Any CPU.ActiveCfg = Release|Any CPU
		{D849BC66-6AF4-472E-9992-D8EE62377C4F}.Release|Any CPU.Build.0 = Release|Any CPU
	EndGlobalSection
	GlobalSection(SolutionProperties) = preSolution
		HideSolutionNode = FALSE
	EndGlobalSection
	GlobalSection(ExtensibilityGlobals) = postSolution
		SolutionGuid = {94428322-8C16-468A-A23D-C7728B571A95}
	EndGlobalSection
EndGlobal
