
Microsoft Visual Studio Solution File, Format Version 12.00
# Visual Studio Version 17
VisualStudioVersion = 17.7.34031.279
MinimumVisualStudioVersion = 10.0.40219.1
Project("{FAE04EC0-301F-11D3-BF4B-00C04F79EFBC}") = "LeLenhNguyen_2021604114_proj41", "LeLenhNguyen_2021604114_proj41\LeLenhNguyen_2021604114_proj41.csproj", "{CE54F5A3-B288-4A0C-8757-4BC8AB107D8C}"
EndProject
Global
	GlobalSection(SolutionConfigurationPlatforms) = preSolution
		Debug|Any CPU = Debug|Any CPU
		Release|Any CPU = Release|Any CPU
	EndGlobalSection
	GlobalSection(ProjectConfigurationPlatforms) = postSolution
		{CE54F5A3-B288-4A0C-8757-4BC8AB107D8C}.Debug|Any CPU.ActiveCfg = Debug|Any CPU
		{CE54F5A3-B288-4A0C-8757-4BC8AB107D8C}.Debug|Any CPU.Build.0 = Debug|Any CPU
		{CE54F5A3-B288-4A0C-8757-4BC8AB107D8C}.Release|Any CPU.ActiveCfg = Release|Any CPU
		{CE54F5A3-B288-4A0C-8757-4BC8AB107D8C}.Release|Any CPU.Build.0 = Release|Any CPU
	EndGlobalSection
	GlobalSection(SolutionProperties) = preSolution
		HideSolutionNode = FALSE
	EndGlobalSection
	GlobalSection(ExtensibilityGlobals) = postSolution
		SolutionGuid = {96684BF6-B505-4716-A2A8-6BF8224429EB}
	EndGlobalSection
EndGlobal
