
Microsoft Visual Studio Solution File, Format Version 12.00
# Visual Studio Version 17
VisualStudioVersion = 17.7.34031.279
MinimumVisualStudioVersion = 10.0.40219.1
Project("{FAE04EC0-301F-11D3-BF4B-00C04F79EFBC}") = "QuanLySinhVien", "QuanLySinhVien\QuanLySinhVien.csproj", "{58F73D7D-3579-469E-8FFB-4A7CF86EA608}"
EndProject
Global
	GlobalSection(SolutionConfigurationPlatforms) = preSolution
		Debug|Any CPU = Debug|Any CPU
		Release|Any CPU = Release|Any CPU
	EndGlobalSection
	GlobalSection(ProjectConfigurationPlatforms) = postSolution
		{58F73D7D-3579-469E-8FFB-4A7CF86EA608}.Debug|Any CPU.ActiveCfg = Debug|Any CPU
		{58F73D7D-3579-469E-8FFB-4A7CF86EA608}.Debug|Any CPU.Build.0 = Debug|Any CPU
		{58F73D7D-3579-469E-8FFB-4A7CF86EA608}.Release|Any CPU.ActiveCfg = Release|Any CPU
		{58F73D7D-3579-469E-8FFB-4A7CF86EA608}.Release|Any CPU.Build.0 = Release|Any CPU
	EndGlobalSection
	GlobalSection(SolutionProperties) = preSolution
		HideSolutionNode = FALSE
	EndGlobalSection
	GlobalSection(ExtensibilityGlobals) = postSolution
		SolutionGuid = {D7DF8F24-9C9A-4634-BF08-DEE388BBBCEA}
	EndGlobalSection
EndGlobal
