
Microsoft Visual Studio Solution File, Format Version 12.00
# Visual Studio Version 17
VisualStudioVersion = 17.7.34031.279
MinimumVisualStudioVersion = 10.0.40219.1
Project("{FAE04EC0-301F-11D3-BF4B-00C04F79EFBC}") = "BaiTap1", "BaiTap1\BaiTap1.csproj", "{77DC82F4-B33C-4A3A-9E56-E65415AE6131}"
EndProject
Global
	GlobalSection(SolutionConfigurationPlatforms) = preSolution
		Debug|Any CPU = Debug|Any CPU
		Release|Any CPU = Release|Any CPU
	EndGlobalSection
	GlobalSection(ProjectConfigurationPlatforms) = postSolution
		{77DC82F4-B33C-4A3A-9E56-E65415AE6131}.Debug|Any CPU.ActiveCfg = Debug|Any CPU
		{77DC82F4-B33C-4A3A-9E56-E65415AE6131}.Debug|Any CPU.Build.0 = Debug|Any CPU
		{77DC82F4-B33C-4A3A-9E56-E65415AE6131}.Release|Any CPU.ActiveCfg = Release|Any CPU
		{77DC82F4-B33C-4A3A-9E56-E65415AE6131}.Release|Any CPU.Build.0 = Release|Any CPU
	EndGlobalSection
	GlobalSection(SolutionProperties) = preSolution
		HideSolutionNode = FALSE
	EndGlobalSection
	GlobalSection(ExtensibilityGlobals) = postSolution
		SolutionGuid = {F19B5CE8-3335-4D19-9641-66B2CFD12C2C}
	EndGlobalSection
EndGlobal
