
Microsoft Visual Studio Solution File, Format Version 12.00
# Visual Studio Version 17
VisualStudioVersion = 17.7.34031.279
MinimumVisualStudioVersion = 10.0.40219.1
Project("{FAE04EC0-301F-11D3-BF4B-00C04F79EFBC}") = "GiaoDien1", "GiaoDien1\GiaoDien1.csproj", "{F7F17FD0-EFC7-4BAC-A18D-0FB17AA39E51}"
EndProject
Project("{FAE04EC0-301F-11D3-BF4B-00C04F79EFBC}") = "GiaoDien2", "GiaoDien2\GiaoDien2.csproj", "{22B86BD1-726B-4974-96A4-F1A2753ACF67}"
EndProject
Project("{FAE04EC0-301F-11D3-BF4B-00C04F79EFBC}") = "GiaoDien3", "GiaoDien3\GiaoDien3.csproj", "{D3CD7AD8-E4B7-431B-BB3A-5A8D06CCD503}"
EndProject
Project("{FAE04EC0-301F-11D3-BF4B-00C04F79EFBC}") = "GiaoDien4", "GiaoDien4\GiaoDien4.csproj", "{0F7246BE-C12B-481C-8C5D-3363A2001B37}"
EndProject
Project("{FAE04EC0-301F-11D3-BF4B-00C04F79EFBC}") = "GiaoDien5", "GiaoDien5\GiaoDien5.csproj", "{703AA3E5-25A1-4E10-BF1D-95FAA3FBCB96}"
EndProject
Global
	GlobalSection(SolutionConfigurationPlatforms) = preSolution
		Debug|Any CPU = Debug|Any CPU
		Release|Any CPU = Release|Any CPU
	EndGlobalSection
	GlobalSection(ProjectConfigurationPlatforms) = postSolution
		{F7F17FD0-EFC7-4BAC-A18D-0FB17AA39E51}.Debug|Any CPU.ActiveCfg = Debug|Any CPU
		{F7F17FD0-EFC7-4BAC-A18D-0FB17AA39E51}.Debug|Any CPU.Build.0 = Debug|Any CPU
		{F7F17FD0-EFC7-4BAC-A18D-0FB17AA39E51}.Release|Any CPU.ActiveCfg = Release|Any CPU
		{F7F17FD0-EFC7-4BAC-A18D-0FB17AA39E51}.Release|Any CPU.Build.0 = Release|Any CPU
		{22B86BD1-726B-4974-96A4-F1A2753ACF67}.Debug|Any CPU.ActiveCfg = Debug|Any CPU
		{22B86BD1-726B-4974-96A4-F1A2753ACF67}.Debug|Any CPU.Build.0 = Debug|Any CPU
		{22B86BD1-726B-4974-96A4-F1A2753ACF67}.Release|Any CPU.ActiveCfg = Release|Any CPU
		{22B86BD1-726B-4974-96A4-F1A2753ACF67}.Release|Any CPU.Build.0 = Release|Any CPU
		{D3CD7AD8-E4B7-431B-BB3A-5A8D06CCD503}.Debug|Any CPU.ActiveCfg = Debug|Any CPU
		{D3CD7AD8-E4B7-431B-BB3A-5A8D06CCD503}.Debug|Any CPU.Build.0 = Debug|Any CPU
		{D3CD7AD8-E4B7-431B-BB3A-5A8D06CCD503}.Release|Any CPU.ActiveCfg = Release|Any CPU
		{D3CD7AD8-E4B7-431B-BB3A-5A8D06CCD503}.Release|Any CPU.Build.0 = Release|Any CPU
		{0F7246BE-C12B-481C-8C5D-3363A2001B37}.Debug|Any CPU.ActiveCfg = Debug|Any CPU
		{0F7246BE-C12B-481C-8C5D-3363A2001B37}.Debug|Any CPU.Build.0 = Debug|Any CPU
		{0F7246BE-C12B-481C-8C5D-3363A2001B37}.Release|Any CPU.ActiveCfg = Release|Any CPU
		{0F7246BE-C12B-481C-8C5D-3363A2001B37}.Release|Any CPU.Build.0 = Release|Any CPU
		{703AA3E5-25A1-4E10-BF1D-95FAA3FBCB96}.Debug|Any CPU.ActiveCfg = Debug|Any CPU
		{703AA3E5-25A1-4E10-BF1D-95FAA3FBCB96}.Debug|Any CPU.Build.0 = Debug|Any CPU
		{703AA3E5-25A1-4E10-BF1D-95FAA3FBCB96}.Release|Any CPU.ActiveCfg = Release|Any CPU
		{703AA3E5-25A1-4E10-BF1D-95FAA3FBCB96}.Release|Any CPU.Build.0 = Release|Any CPU
	EndGlobalSection
	GlobalSection(SolutionProperties) = preSolution
		HideSolutionNode = FALSE
	EndGlobalSection
	GlobalSection(ExtensibilityGlobals) = postSolution
		SolutionGuid = {4B0ADC84-869F-4812-ABD4-97DD33EE05D4}
	EndGlobalSection
EndGlobal
