
Microsoft Visual Studio Solution File, Format Version 12.00
# Visual Studio Version 17
VisualStudioVersion = 17.8.34322.80
MinimumVisualStudioVersion = 10.0.40219.1
Project("{FAE04EC0-301F-11D3-BF4B-00C04F79EFBC}") = "Bai12_Nguyen114_P1", "Bai12_Nguyen114_P1\Bai12_Nguyen114_P1.csproj", "{D6D30CF5-AA6F-432D-8E37-D36602F30E14}"
EndProject
Global
	GlobalSection(SolutionConfigurationPlatforms) = preSolution
		Debug|Any CPU = Debug|Any CPU
		Release|Any CPU = Release|Any CPU
	EndGlobalSection
	GlobalSection(ProjectConfigurationPlatforms) = postSolution
		{D6D30CF5-AA6F-432D-8E37-D36602F30E14}.Debug|Any CPU.ActiveCfg = Debug|Any CPU
		{D6D30CF5-AA6F-432D-8E37-D36602F30E14}.Debug|Any CPU.Build.0 = Debug|Any CPU
		{D6D30CF5-AA6F-432D-8E37-D36602F30E14}.Release|Any CPU.ActiveCfg = Release|Any CPU
		{D6D30CF5-AA6F-432D-8E37-D36602F30E14}.Release|Any CPU.Build.0 = Release|Any CPU
	EndGlobalSection
	GlobalSection(SolutionProperties) = preSolution
		HideSolutionNode = FALSE
	EndGlobalSection
	GlobalSection(ExtensibilityGlobals) = postSolution
		SolutionGuid = {9FB68F42-FC23-4654-977D-AE3BCDE711E6}
	EndGlobalSection
EndGlobal
