
Microsoft Visual Studio Solution File, Format Version 12.00
# Visual Studio Version 17
VisualStudioVersion = 17.7.34031.279
MinimumVisualStudioVersion = 10.0.40219.1
Project("{FAE04EC0-301F-11D3-BF4B-00C04F79EFBC}") = "LeLenhNguyen_2021604114_proj61", "LeLenhNguyen_2021604114_proj61\LeLenhNguyen_2021604114_proj61.csproj", "{D96E74F7-D9AA-466A-8B73-139F6724B4EE}"
EndProject
Global
	GlobalSection(SolutionConfigurationPlatforms) = preSolution
		Debug|Any CPU = Debug|Any CPU
		Release|Any CPU = Release|Any CPU
	EndGlobalSection
	GlobalSection(ProjectConfigurationPlatforms) = postSolution
		{D96E74F7-D9AA-466A-8B73-139F6724B4EE}.Debug|Any CPU.ActiveCfg = Debug|Any CPU
		{D96E74F7-D9AA-466A-8B73-139F6724B4EE}.Debug|Any CPU.Build.0 = Debug|Any CPU
		{D96E74F7-D9AA-466A-8B73-139F6724B4EE}.Release|Any CPU.ActiveCfg = Release|Any CPU
		{D96E74F7-D9AA-466A-8B73-139F6724B4EE}.Release|Any CPU.Build.0 = Release|Any CPU
	EndGlobalSection
	GlobalSection(SolutionProperties) = preSolution
		HideSolutionNode = FALSE
	EndGlobalSection
	GlobalSection(ExtensibilityGlobals) = postSolution
		SolutionGuid = {05C0CF5D-9D8D-41E9-82BD-EF9118A8AF97}
	EndGlobalSection
EndGlobal
