
Microsoft Visual Studio Solution File, Format Version 12.00
# Visual Studio Version 17
VisualStudioVersion = 17.7.34031.279
MinimumVisualStudioVersion = 10.0.40219.1
Project("{9A19103F-16F7-4668-BE54-9A1E7A4F7556}") = "Bai1", "Bai1\Bai1.csproj", "{1212C00B-A315-4CCA-AC12-66FF57C1F43B}"
EndProject
Project("{FAE04EC0-301F-11D3-BF4B-00C04F79EFBC}") = "Bai2", "Bai2\Bai2.csproj", "{50A0C77F-DE64-4480-995C-96355BED2096}"
EndProject
Global
	GlobalSection(SolutionConfigurationPlatforms) = preSolution
		Debug|Any CPU = Debug|Any CPU
		Release|Any CPU = Release|Any CPU
	EndGlobalSection
	GlobalSection(ProjectConfigurationPlatforms) = postSolution
		{1212C00B-A315-4CCA-AC12-66FF57C1F43B}.Debug|Any CPU.ActiveCfg = Debug|Any CPU
		{1212C00B-A315-4CCA-AC12-66FF57C1F43B}.Debug|Any CPU.Build.0 = Debug|Any CPU
		{1212C00B-A315-4CCA-AC12-66FF57C1F43B}.Release|Any CPU.ActiveCfg = Release|Any CPU
		{1212C00B-A315-4CCA-AC12-66FF57C1F43B}.Release|Any CPU.Build.0 = Release|Any CPU
		{50A0C77F-DE64-4480-995C-96355BED2096}.Debug|Any CPU.ActiveCfg = Debug|Any CPU
		{50A0C77F-DE64-4480-995C-96355BED2096}.Debug|Any CPU.Build.0 = Debug|Any CPU
		{50A0C77F-DE64-4480-995C-96355BED2096}.Release|Any CPU.ActiveCfg = Release|Any CPU
		{50A0C77F-DE64-4480-995C-96355BED2096}.Release|Any CPU.Build.0 = Release|Any CPU
	EndGlobalSection
	GlobalSection(SolutionProperties) = preSolution
		HideSolutionNode = FALSE
	EndGlobalSection
	GlobalSection(ExtensibilityGlobals) = postSolution
		SolutionGuid = {7663EFE6-802A-4E7B-B623-458543029274}
	EndGlobalSection
EndGlobal
